
Microsoft Visual Studio Solution File, Format Version 12.00
# Visual Studio Version 16
VisualStudioVersion = 16.0.29806.167
MinimumVisualStudioVersion = 10.0.40219.1
Project("{FAE04EC0-301F-11D3-BF4B-00C04F79EFBC}") = "MediationTestSuite", "MediationTestSuite\MediationTestSuite.csproj", "{3D44F8D3-B3FA-4BB7-9911-5CE05202DEFA}"
EndProject
Project("{2150E333-8FDC-42A3-9474-1A3956D46DE8}") = "Samples", "Samples", "{D1369FC4-5783-4464-A3AC-8237CF3EB164}"
EndProject
Project("{FAE04EC0-301F-11D3-BF4B-00C04F79EFBC}") = "MediationTestSuiteSample.Droid", "Samples\MediationTestSuiteSample.Droid\MediationTestSuiteSample.Droid.csproj", "{8F3E59BC-4950-4C36-938E-0FB951260784}"
EndProject
Global
	GlobalSection(SolutionConfigurationPlatforms) = preSolution
		Debug|Any CPU = Debug|Any CPU
		Release|Any CPU = Release|Any CPU
	EndGlobalSection
	GlobalSection(ProjectConfigurationPlatforms) = postSolution
		{3D44F8D3-B3FA-4BB7-9911-5CE05202DEFA}.Debug|Any CPU.ActiveCfg = Debug|Any CPU
		{3D44F8D3-B3FA-4BB7-9911-5CE05202DEFA}.Debug|Any CPU.Build.0 = Debug|Any CPU
		{3D44F8D3-B3FA-4BB7-9911-5CE05202DEFA}.Release|Any CPU.ActiveCfg = Release|Any CPU
		{3D44F8D3-B3FA-4BB7-9911-5CE05202DEFA}.Release|Any CPU.Build.0 = Release|Any CPU
		{8F3E59BC-4950-4C36-938E-0FB951260784}.Debug|Any CPU.ActiveCfg = Debug|Any CPU
		{8F3E59BC-4950-4C36-938E-0FB951260784}.Debug|Any CPU.Build.0 = Debug|Any CPU
		{8F3E59BC-4950-4C36-938E-0FB951260784}.Debug|Any CPU.Deploy.0 = Debug|Any CPU
		{8F3E59BC-4950-4C36-938E-0FB951260784}.Release|Any CPU.ActiveCfg = Release|Any CPU
		{8F3E59BC-4950-4C36-938E-0FB951260784}.Release|Any CPU.Build.0 = Release|Any CPU
		{8F3E59BC-4950-4C36-938E-0FB951260784}.Release|Any CPU.Deploy.0 = Release|Any CPU
	EndGlobalSection
	GlobalSection(SolutionProperties) = preSolution
		HideSolutionNode = FALSE
	EndGlobalSection
	GlobalSection(NestedProjects) = preSolution
		{8F3E59BC-4950-4C36-938E-0FB951260784} = {D1369FC4-5783-4464-A3AC-8237CF3EB164}
	EndGlobalSection
	GlobalSection(ExtensibilityGlobals) = postSolution
		SolutionGuid = {3B004387-DEDC-4370-88C9-33B272F9E90A}
	EndGlobalSection
EndGlobal
